
Microsoft Visual Studio Solution File, Format Version 12.00
# Visual Studio Version 16
VisualStudioVersion = 16.0.31424.327
MinimumVisualStudioVersion = 10.0.40219.1
Project("{FAE04EC0-301F-11D3-BF4B-00C04F79EFBC}") = "Day10Assignments", "Day10Assignments.csproj", "{D0766C16-AE43-4319-B6E5-5597C898346C}"
EndProject
Global
	GlobalSection(SolutionConfigurationPlatforms) = preSolution
		Debug|Any CPU = Debug|Any CPU
		Release|Any CPU = Release|Any CPU
	EndGlobalSection
	GlobalSection(ProjectConfigurationPlatforms) = postSolution
		{D0766C16-AE43-4319-B6E5-5597C898346C}.Debug|Any CPU.ActiveCfg = Debug|Any CPU
		{D0766C16-AE43-4319-B6E5-5597C898346C}.Debug|Any CPU.Build.0 = Debug|Any CPU
		{D0766C16-AE43-4319-B6E5-5597C898346C}.Release|Any CPU.ActiveCfg = Release|Any CPU
		{D0766C16-AE43-4319-B6E5-5597C898346C}.Release|Any CPU.Build.0 = Release|Any CPU
	EndGlobalSection
	GlobalSection(SolutionProperties) = preSolution
		HideSolutionNode = FALSE
	EndGlobalSection
	GlobalSection(ExtensibilityGlobals) = postSolution
		SolutionGuid = {E976A267-34E8-4AE2-AB98-D5C3A022EA4B}
	EndGlobalSection
EndGlobal
